// !$*UTF8*$!
{
	archiveVersion = 1;
	classes = {
	};
	objectVersion = 56;
	objects = {

/* Begin PBXBuildFile section */
		CC85D7D129B604E800B54F6B /* BodyTrackingApp.swift in Sources */ = {isa = PBXBuildFile; fileRef = CC85D7D029B604E800B54F6B /* BodyTrackingApp.swift */; };
		CC85D7D329B604E800B54F6B /* ContentView.swift in Sources */ = {isa = PBXBuildFile; fileRef = CC85D7D229B604E800B54F6B /* ContentView.swift */; };
		CC85D7D529B604EF00B54F6B /* Assets.xcassets in Resources */ = {isa = PBXBuildFile; fileRef = CC85D7D429B604EF00B54F6B /* Assets.xcassets */; };
		CC85D7D829B604EF00B54F6B /* Preview Assets.xcassets in Resources */ = {isa = PBXBuildFile; fileRef = CC85D7D729B604EF00B54F6B /* Preview Assets.xcassets */; };
		CC85D7DF29B6085700B54F6B /* ARViewContainer.swift in Sources */ = {isa = PBXBuildFile; fileRef = CC85D7DE29B6085700B54F6B /* ARViewContainer.swift */; };
		CC85D7E229B60C4C00B54F6B /* SkeletonBone.swift in Sources */ = {isa = PBXBuildFile; fileRef = CC85D7E129B60C4C00B54F6B /* SkeletonBone.swift */; };
		CC85D7E529B60EDA00B54F6B /* SkeletonJoint.swift in Sources */ = {isa = PBXBuildFile; fileRef = CC85D7E429B60EDA00B54F6B /* SkeletonJoint.swift */; };
		CC85D7E729B6121800B54F6B /* Bones.swift in Sources */ = {isa = PBXBuildFile; fileRef = CC85D7E629B6121800B54F6B /* Bones.swift */; };
		CC85D7E929B619BA00B54F6B /* BodySkeleton.swift in Sources */ = {isa = PBXBuildFile; fileRef = CC85D7E829B619BA00B54F6B /* BodySkeleton.swift */; };
/* End PBXBuildFile section */

/* Begin PBXFileReference section */
		CC85D7CD29B604E800B54F6B /* BodyTracking.app */ = {isa = PBXFileReference; explicitFileType = wrapper.application; includeInIndex = 0; path = BodyTracking.app; sourceTree = BUILT_PRODUCTS_DIR; };
		CC85D7D029B604E800B54F6B /* BodyTrackingApp.swift */ = {isa = PBXFileReference; lastKnownFileType = sourcecode.swift; path = BodyTrackingApp.swift; sourceTree = "<group>"; };
		CC85D7D229B604E800B54F6B /* ContentView.swift */ = {isa = PBXFileReference; lastKnownFileType = sourcecode.swift; path = ContentView.swift; sourceTree = "<group>"; };
		CC85D7D429B604EF00B54F6B /* Assets.xcassets */ = {isa = PBXFileReference; lastKnownFileType = folder.assetcatalog; path = Assets.xcassets; sourceTree = "<group>"; };
		CC85D7D729B604EF00B54F6B /* Preview Assets.xcassets */ = {isa = PBXFileReference; lastKnownFileType = folder.assetcatalog; path = "Preview Assets.xcassets"; sourceTree = "<group>"; };
		CC85D7DE29B6085700B54F6B /* ARViewContainer.swift */ = {isa = PBXFileReference; lastKnownFileType = sourcecode.swift; path = ARViewContainer.swift; sourceTree = "<group>"; };
		CC85D7E129B60C4C00B54F6B /* SkeletonBone.swift */ = {isa = PBXFileReference; lastKnownFileType = sourcecode.swift; path = SkeletonBone.swift; sourceTree = "<group>"; };
		CC85D7E429B60EDA00B54F6B /* SkeletonJoint.swift */ = {isa = PBXFileReference; lastKnownFileType = sourcecode.swift; path = SkeletonJoint.swift; sourceTree = "<group>"; };
		CC85D7E629B6121800B54F6B /* Bones.swift */ = {isa = PBXFileReference; lastKnownFileType = sourcecode.swift; path = Bones.swift; sourceTree = "<group>"; };
		CC85D7E829B619BA00B54F6B /* BodySkeleton.swift */ = {isa = PBXFileReference; lastKnownFileType = sourcecode.swift; path = BodySkeleton.swift; sourceTree = "<group>"; };
/* End PBXFileReference section */

/* Begin PBXFrameworksBuildPhase section */
		CC85D7CA29B604E800B54F6B /* Frameworks */ = {
			isa = PBXFrameworksBuildPhase;
			buildActionMask = 2147483647;
			files = (
			);
			runOnlyForDeploymentPostprocessing = 0;
		};
/* End PBXFrameworksBuildPhase section */

/* Begin PBXGroup section */
		CC85D7C429B604E800B54F6B = {
			isa = PBXGroup;
			children = (
				CC85D7CF29B604E800B54F6B /* BodyTracking */,
				CC85D7CE29B604E800B54F6B /* Products */,
			);
			sourceTree = "<group>";
		};
		CC85D7CE29B604E800B54F6B /* Products */ = {
			isa = PBXGroup;
			children = (
				CC85D7CD29B604E800B54F6B /* BodyTracking.app */,
			);
			name = Products;
			sourceTree = "<group>";
		};
		CC85D7CF29B604E800B54F6B /* BodyTracking */ = {
			isa = PBXGroup;
			children = (
				CC85D7E029B60C3500B54F6B /* SkeletonData */,
				CC85D7D029B604E800B54F6B /* BodyTrackingApp.swift */,
				CC85D7D229B604E800B54F6B /* ContentView.swift */,
				CC85D7D429B604EF00B54F6B /* Assets.xcassets */,
				CC85D7D629B604EF00B54F6B /* Preview Content */,
				CC85D7E329B60C8100B54F6B /* View */,
			);
			path = BodyTracking;
			sourceTree = "<group>";
		};
		CC85D7D629B604EF00B54F6B /* Preview Content */ = {
			isa = PBXGroup;
			children = (
				CC85D7D729B604EF00B54F6B /* Preview Assets.xcassets */,
			);
			path = "Preview Content";
			sourceTree = "<group>";
		};
		CC85D7E029B60C3500B54F6B /* SkeletonData */ = {
			isa = PBXGroup;
			children = (
				CC85D7E129B60C4C00B54F6B /* SkeletonBone.swift */,
				CC85D7E429B60EDA00B54F6B /* SkeletonJoint.swift */,
				CC85D7E629B6121800B54F6B /* Bones.swift */,
				CC85D7E829B619BA00B54F6B /* BodySkeleton.swift */,
			);
			path = SkeletonData;
			sourceTree = "<group>";
		};
		CC85D7E329B60C8100B54F6B /* View */ = {
			isa = PBXGroup;
			children = (
				CC85D7DE29B6085700B54F6B /* ARViewContainer.swift */,
			);
			path = View;
			sourceTree = "<group>";
		};
/* End PBXGroup section */

/* Begin PBXNativeTarget section */
		CC85D7CC29B604E800B54F6B /* BodyTracking */ = {
			isa = PBXNativeTarget;
			buildConfigurationList = CC85D7DB29B604EF00B54F6B /* Build configuration list for PBXNativeTarget "BodyTracking" */;
			buildPhases = (
				CC85D7C929B604E800B54F6B /* Sources */,
				CC85D7CA29B604E800B54F6B /* Frameworks */,
				CC85D7CB29B604E800B54F6B /* Resources */,
			);
			buildRules = (
			);
			dependencies = (
			);
			name = BodyTracking;
			productName = BodyTracking;
			productReference = CC85D7CD29B604E800B54F6B /* BodyTracking.app */;
			productType = "com.apple.product-type.application";
		};
/* End PBXNativeTarget section */

/* Begin PBXProject section */
		CC85D7C529B604E800B54F6B /* Project object */ = {
			isa = PBXProject;
			attributes = {
				BuildIndependentTargetsInParallel = 1;
				LastSwiftUpdateCheck = 1420;
				LastUpgradeCheck = 1420;
				TargetAttributes = {
					CC85D7CC29B604E800B54F6B = {
						CreatedOnToolsVersion = 14.2;
					};
				};
			};
			buildConfigurationList = CC85D7C829B604E800B54F6B /* Build configuration list for PBXProject "BodyTracking" */;
			compatibilityVersion = "Xcode 14.0";
			developmentRegion = en;
			hasScannedForEncodings = 0;
			knownRegions = (
				en,
				Base,
			);
			mainGroup = CC85D7C429B604E800B54F6B;
			productRefGroup = CC85D7CE29B604E800B54F6B /* Products */;
			projectDirPath = "";
			projectRoot = "";
			targets = (
				CC85D7CC29B604E800B54F6B /* BodyTracking */,
			);
		};
/* End PBXProject section */

/* Begin PBXResourcesBuildPhase section */
		CC85D7CB29B604E800B54F6B /* Resources */ = {
			isa = PBXResourcesBuildPhase;
			buildActionMask = 2147483647;
			files = (
				CC85D7D829B604EF00B54F6B /* Preview Assets.xcassets in Resources */,
				CC85D7D529B604EF00B54F6B /* Assets.xcassets in Resources */,
			);
			runOnlyForDeploymentPostprocessing = 0;
		};
/* End PBXResourcesBuildPhase section */

/* Begin PBXSourcesBuildPhase section */
		CC85D7C929B604E800B54F6B /* Sources */ = {
			isa = PBXSourcesBuildPhase;
			buildActionMask = 2147483647;
			files = (
				CC85D7E929B619BA00B54F6B /* BodySkeleton.swift in Sources */,
				CC85D7D329B604E800B54F6B /* ContentView.swift in Sources */,
				CC85D7E729B6121800B54F6B /* Bones.swift in Sources */,
				CC85D7E529B60EDA00B54F6B /* SkeletonJoint.swift in Sources */,
				CC85D7D129B604E800B54F6B /* BodyTrackingApp.swift in Sources */,
				CC85D7DF29B6085700B54F6B /* ARViewContainer.swift in Sources */,
				CC85D7E229B60C4C00B54F6B /* SkeletonBone.swift in Sources */,
			);
			runOnlyForDeploymentPostprocessing = 0;
		};
/* End PBXSourcesBuildPhase section */

/* Begin XCBuildConfiguration section */
		CC85D7D929B604EF00B54F6B /* Debug */ = {
			isa = XCBuildConfiguration;
			buildSettings = {
				ALWAYS_SEARCH_USER_PATHS = NO;
				CLANG_ANALYZER_NONNULL = YES;
				CLANG_ANALYZER_NUMBER_OBJECT_CONVERSION = YES_AGGRESSIVE;
				CLANG_CXX_LANGUAGE_STANDARD = "gnu++20";
				CLANG_ENABLE_MODULES = YES;
				CLANG_ENABLE_OBJC_ARC = YES;
				CLANG_ENABLE_OBJC_WEAK = YES;
				CLANG_WARN_BLOCK_CAPTURE_AUTORELEASING = YES;
				CLANG_WARN_BOOL_CONVERSION = YES;
				CLANG_WARN_COMMA = YES;
				CLANG_WARN_CONSTANT_CONVERSION = YES;
				CLANG_WARN_DEPRECATED_OBJC_IMPLEMENTATIONS = YES;
				CLANG_WARN_DIRECT_OBJC_ISA_USAGE = YES_ERROR;
				CLANG_WARN_DOCUMENTATION_COMMENTS = YES;
				CLANG_WARN_EMPTY_BODY = YES;
				CLANG_WARN_ENUM_CONVERSION = YES;
				CLANG_WARN_INFINITE_RECURSION = YES;
				CLANG_WARN_INT_CONVERSION = YES;
				CLANG_WARN_NON_LITERAL_NULL_CONVERSION = YES;
				CLANG_WARN_OBJC_IMPLICIT_RETAIN_SELF = YES;
				CLANG_WARN_OBJC_LITERAL_CONVERSION = YES;
				CLANG_WARN_OBJC_ROOT_CLASS = YES_ERROR;
				CLANG_WARN_QUOTED_INCLUDE_IN_FRAMEWORK_HEADER = YES;
				CLANG_WARN_RANGE_LOOP_ANALYSIS = YES;
				CLANG_WARN_STRICT_PROTOTYPES = YES;
				CLANG_WARN_SUSPICIOUS_MOVE = YES;
				CLANG_WARN_UNGUARDED_AVAILABILITY = YES_AGGRESSIVE;
				CLANG_WARN_UNREACHABLE_CODE = YES;
				CLANG_WARN__DUPLICATE_METHOD_MATCH = YES;
				COPY_PHASE_STRIP = NO;
				DEBUG_INFORMATION_FORMAT = dwarf;
				ENABLE_STRICT_OBJC_MSGSEND = YES;
				ENABLE_TESTABILITY = YES;
				GCC_C_LANGUAGE_STANDARD = gnu11;
				GCC_DYNAMIC_NO_PIC = NO;
				GCC_NO_COMMON_BLOCKS = YES;
				GCC_OPTIMIZATION_LEVEL = 0;
				GCC_PREPROCESSOR_DEFINITIONS = (
					"DEBUG=1",
					"$(inherited)",
				);
				GCC_WARN_64_TO_32_BIT_CONVERSION = YES;
				GCC_WARN_ABOUT_RETURN_TYPE = YES_ERROR;
				GCC_WARN_UNDECLARED_SELECTOR = YES;
				GCC_WARN_UNINITIALIZED_AUTOS = YES_AGGRESSIVE;
				GCC_WARN_UNUSED_FUNCTION = YES;
				GCC_WARN_UNUSED_VARIABLE = YES;
				IPHONEOS_DEPLOYMENT_TARGET = 16.2;
				MTL_ENABLE_DEBUG_INFO = INCLUDE_SOURCE;
				MTL_FAST_MATH = YES;
				ONLY_ACTIVE_ARCH = YES;
				SDKROOT = iphoneos;
				SWIFT_ACTIVE_COMPILATION_CONDITIONS = DEBUG;
				SWIFT_OPTIMIZATION_LEVEL = "-Onone";
			};
			name = Debug;
		};
		CC85D7DA29B604EF00B54F6B /* Release */ = {
			isa = XCBuildConfiguration;
			buildSettings = {
				ALWAYS_SEARCH_USER_PATHS = NO;
				CLANG_ANALYZER_NONNULL = YES;
				CLANG_ANALYZER_NUMBER_OBJECT_CONVERSION = YES_AGGRESSIVE;
				CLANG_CXX_LANGUAGE_STANDARD = "gnu++20";
				CLANG_ENABLE_MODULES = YES;
				CLANG_ENABLE_OBJC_ARC = YES;
				CLANG_ENABLE_OBJC_WEAK = YES;
				CLANG_WARN_BLOCK_CAPTURE_AUTORELEASING = YES;
				CLANG_WARN_BOOL_CONVERSION = YES;
				CLANG_WARN_COMMA = YES;
				CLANG_WARN_CONSTANT_CONVERSION = YES;
				CLANG_WARN_DEPRECATED_OBJC_IMPLEMENTATIONS = YES;
				CLANG_WARN_DIRECT_OBJC_ISA_USAGE = YES_ERROR;
				CLANG_WARN_DOCUMENTATION_COMMENTS = YES;
				CLANG_WARN_EMPTY_BODY = YES;
				CLANG_WARN_ENUM_CONVERSION = YES;
				CLANG_WARN_INFINITE_RECURSION = YES;
				CLANG_WARN_INT_CONVERSION = YES;
				CLANG_WARN_NON_LITERAL_NULL_CONVERSION = YES;
				CLANG_WARN_OBJC_IMPLICIT_RETAIN_SELF = YES;
				CLANG_WARN_OBJC_LITERAL_CONVERSION = YES;
				CLANG_WARN_OBJC_ROOT_CLASS = YES_ERROR;
				CLANG_WARN_QUOTED_INCLUDE_IN_FRAMEWORK_HEADER = YES;
				CLANG_WARN_RANGE_LOOP_ANALYSIS = YES;
				CLANG_WARN_STRICT_PROTOTYPES = YES;
				CLANG_WARN_SUSPICIOUS_MOVE = YES;
				CLANG_WARN_UNGUARDED_AVAILABILITY = YES_AGGRESSIVE;
				CLANG_WARN_UNREACHABLE_CODE = YES;
				CLANG_WARN__DUPLICATE_METHOD_MATCH = YES;
				COPY_PHASE_STRIP = NO;
				DEBUG_INFORMATION_FORMAT = "dwarf-with-dsym";
				ENABLE_NS_ASSERTIONS = NO;
				ENABLE_STRICT_OBJC_MSGSEND = YES;
				GCC_C_LANGUAGE_STANDARD = gnu11;
				GCC_NO_COMMON_BLOCKS = YES;
				GCC_WARN_64_TO_32_BIT_CONVERSION = YES;
				GCC_WARN_ABOUT_RETURN_TYPE = YES_ERROR;
				GCC_WARN_UNDECLARED_SELECTOR = YES;
				GCC_WARN_UNINITIALIZED_AUTOS = YES_AGGRESSIVE;
				GCC_WARN_UNUSED_FUNCTION = YES;
				GCC_WARN_UNUSED_VARIABLE = YES;
				IPHONEOS_DEPLOYMENT_TARGET = 16.2;
				MTL_ENABLE_DEBUG_INFO = NO;
				MTL_FAST_MATH = YES;
				SDKROOT = iphoneos;
				SWIFT_COMPILATION_MODE = wholemodule;
				SWIFT_OPTIMIZATION_LEVEL = "-O";
				VALIDATE_PRODUCT = YES;
			};
			name = Release;
		};
		CC85D7DC29B604EF00B54F6B /* Debug */ = {
			isa = XCBuildConfiguration;
			buildSettings = {
				ASSETCATALOG_COMPILER_APPICON_NAME = AppIcon;
				ASSETCATALOG_COMPILER_GLOBAL_ACCENT_COLOR_NAME = AccentColor;
				CODE_SIGN_STYLE = Automatic;
				CURRENT_PROJECT_VERSION = 1;
				DEVELOPMENT_ASSET_PATHS = "\"BodyTracking/Preview Content\"";
				DEVELOPMENT_TEAM = K7G887M8LC;
				ENABLE_PREVIEWS = YES;
				GENERATE_INFOPLIST_FILE = YES;
				INFOPLIST_KEY_NSCameraUsageDescription = "Need access camera to enable augmented reality ";
				INFOPLIST_KEY_UIApplicationSceneManifest_Generation = YES;
				INFOPLIST_KEY_UIApplicationSupportsIndirectInputEvents = YES;
				INFOPLIST_KEY_UILaunchScreen_Generation = YES;
				INFOPLIST_KEY_UISupportedInterfaceOrientations_iPad = "UIInterfaceOrientationPortrait UIInterfaceOrientationPortraitUpsideDown UIInterfaceOrientationLandscapeLeft UIInterfaceOrientationLandscapeRight";
				INFOPLIST_KEY_UISupportedInterfaceOrientations_iPhone = "UIInterfaceOrientationPortrait UIInterfaceOrientationLandscapeLeft UIInterfaceOrientationLandscapeRight";
				LD_RUNPATH_SEARCH_PATHS = (
					"$(inherited)",
					"@executable_path/Frameworks",
				);
				MARKETING_VERSION = 1.0;
				PRODUCT_BUNDLE_IDENTIFIER = com.yusril.BodyTracking;
				PRODUCT_NAME = "$(TARGET_NAME)";
				SWIFT_EMIT_LOC_STRINGS = YES;
				SWIFT_VERSION = 5.0;
				TARGETED_DEVICE_FAMILY = "1,2";
			};
			name = Debug;
		};
		CC85D7DD29B604EF00B54F6B /* Release */ = {
			isa = XCBuildConfiguration;
			buildSettings = {
				ASSETCATALOG_COMPILER_APPICON_NAME = AppIcon;
				ASSETCATALOG_COMPILER_GLOBAL_ACCENT_COLOR_NAME = AccentColor;
				CODE_SIGN_STYLE = Automatic;
				CURRENT_PROJECT_VERSION = 1;
				DEVELOPMENT_ASSET_PATHS = "\"BodyTracking/Preview Content\"";
				DEVELOPMENT_TEAM = K7G887M8LC;
				ENABLE_PREVIEWS = YES;
				GENERATE_INFOPLIST_FILE = YES;
				INFOPLIST_KEY_NSCameraUsageDescription = "Need access camera to enable augmented reality ";
				INFOPLIST_KEY_UIApplicationSceneManifest_Generation = YES;
				INFOPLIST_KEY_UIApplicationSupportsIndirectInputEvents = YES;
				INFOPLIST_KEY_UILaunchScreen_Generation = YES;
				INFOPLIST_KEY_UISupportedInterfaceOrientations_iPad = "UIInterfaceOrientationPortrait UIInterfaceOrientationPortraitUpsideDown UIInterfaceOrientationLandscapeLeft UIInterfaceOrientationLandscapeRight";
				INFOPLIST_KEY_UISupportedInterfaceOrientations_iPhone = "UIInterfaceOrientationPortrait UIInterfaceOrientationLandscapeLeft UIInterfaceOrientationLandscapeRight";
				LD_RUNPATH_SEARCH_PATHS = (
					"$(inherited)",
					"@executable_path/Frameworks",
				);
				MARKETING_VERSION = 1.0;
				PRODUCT_BUNDLE_IDENTIFIER = com.yusril.BodyTracking;
				PRODUCT_NAME = "$(TARGET_NAME)";
				SWIFT_EMIT_LOC_STRINGS = YES;
				SWIFT_VERSION = 5.0;
				TARGETED_DEVICE_FAMILY = "1,2";
			};
			name = Release;
		};
/* End XCBuildConfiguration section */

/* Begin XCConfigurationList section */
		CC85D7C829B604E800B54F6B /* Build configuration list for PBXProject "BodyTracking" */ = {
			isa = XCConfigurationList;
			buildConfigurations = (
				CC85D7D929B604EF00B54F6B /* Debug */,
				CC85D7DA29B604EF00B54F6B /* Release */,
			);
			defaultConfigurationIsVisible = 0;
			defaultConfigurationName = Release;
		};
		CC85D7DB29B604EF00B54F6B /* Build configuration list for PBXNativeTarget "BodyTracking" */ = {
			isa = XCConfigurationList;
			buildConfigurations = (
				CC85D7DC29B604EF00B54F6B /* Debug */,
				CC85D7DD29B604EF00B54F6B /* Release */,
			);
			defaultConfigurationIsVisible = 0;
			defaultConfigurationName = Release;
		};
/* End XCConfigurationList section */
	};
	rootObject = CC85D7C529B604E800B54F6B /* Project object */;
}
